
Microsoft Visual Studio Solution File, Format Version 12.00
# Visual Studio Version 17
VisualStudioVersion = 17.11.35312.102
MinimumVisualStudioVersion = 10.0.40219.1
Project("{8BC9CEB8-8B4A-11D0-8D11-00A0C91BC942}") = "Sandbox", "Sandbox\Sandbox.vcxproj", "{8A3AF603-66BB-4357-B5E5-41C8E5328D6E}"
EndProject
Project("{8BC9CEB8-8B4A-11D0-8D11-00A0C91BC942}") = "Beehive", "Beehive\Beehive.vcxproj", "{110DBF25-CE9B-4619-9896-F51EF085771F}"
EndProject
Global
	GlobalSection(SolutionConfigurationPlatforms) = preSolution
		Debug|x64 = Debug|x64
		Debug|x86 = Debug|x86
		Release|x64 = Release|x64
		Release|x86 = Release|x86
	EndGlobalSection
	GlobalSection(ProjectConfigurationPlatforms) = postSolution
		{110DBF25-CE9B-4619-9896-F51EF085771F}.Debug|x64.ActiveCfg = Debug|x64
		{110DBF25-CE9B-4619-9896-F51EF085771F}.Debug|x64.Build.0 = Debug|x64
		{110DBF25-CE9B-4619-9896-F51EF085771F}.Debug|x86.ActiveCfg = Debug|x64
		{110DBF25-CE9B-4619-9896-F51EF085771F}.Debug|x86.Build.0 = Debug|x64
		{110DBF25-CE9B-4619-9896-F51EF085771F}.Release|x64.ActiveCfg = Release|x64
		{110DBF25-CE9B-4619-9896-F51EF085771F}.Release|x64.Build.0 = Release|x64
		{110DBF25-CE9B-4619-9896-F51EF085771F}.Release|x86.ActiveCfg = Release|x64
		{110DBF25-CE9B-4619-9896-F51EF085771F}.Release|x86.Build.0 = Release|x64
		{8A3AF603-66BB-4357-B5E5-41C8E5328D6E}.Debug|x64.ActiveCfg = Debug|x64
		{8A3AF603-66BB-4357-B5E5-41C8E5328D6E}.Debug|x64.Build.0 = Debug|x64
		{8A3AF603-66BB-4357-B5E5-41C8E5328D6E}.Debug|x86.ActiveCfg = Debug|x64
		{8A3AF603-66BB-4357-B5E5-41C8E5328D6E}.Release|x64.ActiveCfg = Release|x64
		{8A3AF603-66BB-4357-B5E5-41C8E5328D6E}.Release|x64.Build.0 = Release|x64
		{8A3AF603-66BB-4357-B5E5-41C8E5328D6E}.Release|x86.ActiveCfg = Release|x64
	EndGlobalSection
	GlobalSection(SolutionProperties) = preSolution
		HideSolutionNode = FALSE
	EndGlobalSection
	GlobalSection(ExtensibilityGlobals) = postSolution
		SolutionGuid = {0188CD0A-FCA0-4BFC-B33D-BD2E550E43CE}
	EndGlobalSection
EndGlobal
