<?xml version="1.0" encoding="utf-8"?>
<Project ToolsVersion="4.0" xmlns="http://schemas.microsoft.com/developer/msbuild/2003">
  <ItemGroup>
    <Filter Include="Beehive">
      <UniqueIdentifier>{3DCF3ACF-A9AE-B96A-B2C6-44411E2520CC}</UniqueIdentifier>
    </Filter>
    <Filter Include="Beehive\Events">
      <UniqueIdentifier>{8154417C-6D22-3582-56B6-A5A8422311E7}</UniqueIdentifier>
    </Filter>
    <Filter Include="Beehive\Platform">
      <UniqueIdentifier>{318006AE-1D79-2500-46AB-0A853203050C}</UniqueIdentifier>
    </Filter>
  </ItemGroup>
  <ItemGroup>
    <ClInclude Include="src\Beehive.h" />
    <ClInclude Include="src\Beehive\Application.h">
      <Filter>Beehive</Filter>
    </ClInclude>
    <ClInclude Include="src\Beehive\Core.h">
      <Filter>Beehive</Filter>
    </ClInclude>
    <ClInclude Include="src\Beehive\EntryPoint.h">
      <Filter>Beehive</Filter>
    </ClInclude>
    <ClInclude Include="src\Beehive\Events\ApplicationEvent.h">
      <Filter>Beehive\Events</Filter>
    </ClInclude>
    <ClInclude Include="src\Beehive\Events\Event.h">
      <Filter>Beehive\Events</Filter>
    </ClInclude>
    <ClInclude Include="src\Beehive\Events\KeyEvent.h">
      <Filter>Beehive\Events</Filter>
    </ClInclude>
    <ClInclude Include="src\Beehive\Events\MouseEvent.h">
      <Filter>Beehive\Events</Filter>
    </ClInclude>
    <ClInclude Include="src\Beehive\Log.h">
      <Filter>Beehive</Filter>
    </ClInclude>
    <ClInclude Include="src\Beehive\Platform\WindowsWindow.h">
      <Filter>Beehive\Platform</Filter>
    </ClInclude>
    <ClInclude Include="src\Beehive\Window.h">
      <Filter>Beehive</Filter>
    </ClInclude>
    <ClInclude Include="src\bhpch.h" />
  </ItemGroup>
  <ItemGroup>
    <ClCompile Include="src\Beehive\Application.cpp">
      <Filter>Beehive</Filter>
    </ClCompile>
    <ClCompile Include="src\Beehive\Log.cpp">
      <Filter>Beehive</Filter>
    </ClCompile>
    <ClCompile Include="src\Beehive\Platform\WindowsWindow.cpp">
      <Filter>Beehive\Platform</Filter>
    </ClCompile>
    <ClCompile Include="src\bhpch.cpp" />
  </ItemGroup>
</Project>